
Microsoft Visual Studio Solution File, Format Version 12.00
# Visual Studio Version 17
VisualStudioVersion = 17.2.32616.157
MinimumVisualStudioVersion = 10.0.40219.1
Project("{9A19103F-16F7-4668-BE54-9A1E7A4F7556}") = "RoverAPI", "RoverAPI.csproj", "{61FB1243-5832-4F37-8198-1117CD86DFE3}"
EndProject
Global
	GlobalSection(SolutionConfigurationPlatforms) = preSolution
		Debug|Any CPU = Debug|Any CPU
		Release|Any CPU = Release|Any CPU
	EndGlobalSection
	GlobalSection(ProjectConfigurationPlatforms) = postSolution
		{61FB1243-5832-4F37-8198-1117CD86DFE3}.Debug|Any CPU.ActiveCfg = Debug|Any CPU
		{61FB1243-5832-4F37-8198-1117CD86DFE3}.Debug|Any CPU.Build.0 = Debug|Any CPU
		{61FB1243-5832-4F37-8198-1117CD86DFE3}.Release|Any CPU.ActiveCfg = Release|Any CPU
		{61FB1243-5832-4F37-8198-1117CD86DFE3}.Release|Any CPU.Build.0 = Release|Any CPU
	EndGlobalSection
	GlobalSection(SolutionProperties) = preSolution
		HideSolutionNode = FALSE
	EndGlobalSection
	GlobalSection(ExtensibilityGlobals) = postSolution
		SolutionGuid = {D7FE7608-3463-46F1-9EA1-DF50D6042FD0}
	EndGlobalSection
EndGlobal
